
Microsoft Visual Studio Solution File, Format Version 12.00
# Visual Studio 15
VisualStudioVersion = 15.0.27703.2042
MinimumVisualStudioVersion = 10.0.40219.1
Project("{FAE04EC0-301F-11D3-BF4B-00C04F79EFBC}") = "YXB.EntityFrameWork", "YXB.EntityFrameWork\YXB.EntityFrameWork.csproj", "{7525FF62-9D17-4CB5-9CDE-19D05C66D208}"
EndProject
Project("{FAE04EC0-301F-11D3-BF4B-00C04F79EFBC}") = "YXB.EntityFrameWork.Tests", "YXB.EntityFrameWork.Tests\YXB.EntityFrameWork.Tests.csproj", "{26F2B962-4ACC-4AF6-A925-BAAC9516F756}"
EndProject
Project("{FAE04EC0-301F-11D3-BF4B-00C04F79EFBC}") = "YXB.EntityFrameWork.Core", "YXB.EntityFrameWork.Core\YXB.EntityFrameWork.Core.csproj", "{14E96D27-4902-4A37-8B8C-106C1B968D43}"
EndProject
Project("{FAE04EC0-301F-11D3-BF4B-00C04F79EFBC}") = "YXB.EntityFrameWork.Service", "YXB.EntityFrameWork.Service\YXB.EntityFrameWork.Service.csproj", "{3E13F90E-B424-45F3-8773-0DCCFE588DBA}"
EndProject
Project("{FAE04EC0-301F-11D3-BF4B-00C04F79EFBC}") = "YXB.EntityFrameWork.Repository", "YXB.EntityFrameWork.Repository\YXB.EntityFrameWork.Repository.csproj", "{5310C647-2EF0-43EB-A6AF-214C6C431392}"
EndProject
Global
	GlobalSection(SolutionConfigurationPlatforms) = preSolution
		Debug|Any CPU = Debug|Any CPU
		Release|Any CPU = Release|Any CPU
	EndGlobalSection
	GlobalSection(ProjectConfigurationPlatforms) = postSolution
		{7525FF62-9D17-4CB5-9CDE-19D05C66D208}.Debug|Any CPU.ActiveCfg = Debug|Any CPU
		{7525FF62-9D17-4CB5-9CDE-19D05C66D208}.Debug|Any CPU.Build.0 = Debug|Any CPU
		{7525FF62-9D17-4CB5-9CDE-19D05C66D208}.Release|Any CPU.ActiveCfg = Release|Any CPU
		{7525FF62-9D17-4CB5-9CDE-19D05C66D208}.Release|Any CPU.Build.0 = Release|Any CPU
		{26F2B962-4ACC-4AF6-A925-BAAC9516F756}.Debug|Any CPU.ActiveCfg = Debug|Any CPU
		{26F2B962-4ACC-4AF6-A925-BAAC9516F756}.Debug|Any CPU.Build.0 = Debug|Any CPU
		{26F2B962-4ACC-4AF6-A925-BAAC9516F756}.Release|Any CPU.ActiveCfg = Release|Any CPU
		{26F2B962-4ACC-4AF6-A925-BAAC9516F756}.Release|Any CPU.Build.0 = Release|Any CPU
		{14E96D27-4902-4A37-8B8C-106C1B968D43}.Debug|Any CPU.ActiveCfg = Debug|Any CPU
		{14E96D27-4902-4A37-8B8C-106C1B968D43}.Debug|Any CPU.Build.0 = Debug|Any CPU
		{14E96D27-4902-4A37-8B8C-106C1B968D43}.Release|Any CPU.ActiveCfg = Release|Any CPU
		{14E96D27-4902-4A37-8B8C-106C1B968D43}.Release|Any CPU.Build.0 = Release|Any CPU
		{3E13F90E-B424-45F3-8773-0DCCFE588DBA}.Debug|Any CPU.ActiveCfg = Debug|Any CPU
		{3E13F90E-B424-45F3-8773-0DCCFE588DBA}.Debug|Any CPU.Build.0 = Debug|Any CPU
		{3E13F90E-B424-45F3-8773-0DCCFE588DBA}.Release|Any CPU.ActiveCfg = Release|Any CPU
		{3E13F90E-B424-45F3-8773-0DCCFE588DBA}.Release|Any CPU.Build.0 = Release|Any CPU
		{5310C647-2EF0-43EB-A6AF-214C6C431392}.Debug|Any CPU.ActiveCfg = Debug|Any CPU
		{5310C647-2EF0-43EB-A6AF-214C6C431392}.Debug|Any CPU.Build.0 = Debug|Any CPU
		{5310C647-2EF0-43EB-A6AF-214C6C431392}.Release|Any CPU.ActiveCfg = Release|Any CPU
		{5310C647-2EF0-43EB-A6AF-214C6C431392}.Release|Any CPU.Build.0 = Release|Any CPU
	EndGlobalSection
	GlobalSection(SolutionProperties) = preSolution
		HideSolutionNode = FALSE
	EndGlobalSection
	GlobalSection(ExtensibilityGlobals) = postSolution
		SolutionGuid = {33669898-DA43-4E37-95FA-9D4014252D3E}
	EndGlobalSection
EndGlobal
